// !$*UTF8*$!
{
	archiveVersion = 1;
	classes = {
	};
	objectVersion = 50;
	objects = {

/* Begin PBXBuildFile section */
		3158C65A20B598D200E2F3FB /* star.png in Resources */ = {isa = PBXBuildFile; fileRef = 3158C65820B598D200E2F3FB /* star.png */; };
		3164AF4A20B47E79009EDA27 /* RLM_Obj.swift in Sources */ = {isa = PBXBuildFile; fileRef = 3164AF4920B47E79009EDA27 /* RLM_Obj.swift */; };
		316B86B620D900940076E63D /* FeedsTVCMain.swift in Sources */ = {isa = PBXBuildFile; fileRef = 316B86B520D900940076E63D /* FeedsTVCMain.swift */; };
		316B86D520D955660076E63D /* SCNVector3+Extensions.swift in Sources */ = {isa = PBXBuildFile; fileRef = 316B86CA20D955660076E63D /* SCNVector3+Extensions.swift */; };
		316B86D620D955660076E63D /* SceneLocationEstimate.swift in Sources */ = {isa = PBXBuildFile; fileRef = 316B86CB20D955660076E63D /* SceneLocationEstimate.swift */; };
		316B86D720D955660076E63D /* SceneLocationEstimate+Extensions.swift in Sources */ = {isa = PBXBuildFile; fileRef = 316B86CC20D955660076E63D /* SceneLocationEstimate+Extensions.swift */; };
		316B86D820D955660076E63D /* FloatingPoint+Radians.swift in Sources */ = {isa = PBXBuildFile; fileRef = 316B86CD20D955660076E63D /* FloatingPoint+Radians.swift */; };
		316B86D920D955660076E63D /* LocationNode.swift in Sources */ = {isa = PBXBuildFile; fileRef = 316B86CE20D955660076E63D /* LocationNode.swift */; };
		316B86DA20D955660076E63D /* CGPoint+Extensions.swift in Sources */ = {isa = PBXBuildFile; fileRef = 316B86CF20D955660076E63D /* CGPoint+Extensions.swift */; };
		316B86DB20D955660076E63D /* CLLocation+Extensions.swift in Sources */ = {isa = PBXBuildFile; fileRef = 316B86D020D955660076E63D /* CLLocation+Extensions.swift */; };
		316B86DC20D955660076E63D /* SceneLocationView.swift in Sources */ = {isa = PBXBuildFile; fileRef = 316B86D120D955660076E63D /* SceneLocationView.swift */; };
		316B86DD20D955660076E63D /* LocationManager.swift in Sources */ = {isa = PBXBuildFile; fileRef = 316B86D220D955660076E63D /* LocationManager.swift */; };
		316B86DE20D955660076E63D /* SCNNode+Extensions.swift in Sources */ = {isa = PBXBuildFile; fileRef = 316B86D320D955660076E63D /* SCNNode+Extensions.swift */; };
		3177251F20B03AD4009FA8B1 /* AppDelegate.swift in Sources */ = {isa = PBXBuildFile; fileRef = 3177251E20B03AD4009FA8B1 /* AppDelegate.swift */; };
		3177252120B03AD4009FA8B1 /* art.scnassets in Resources */ = {isa = PBXBuildFile; fileRef = 3177252020B03AD4009FA8B1 /* art.scnassets */; };
		3177252620B03AD4009FA8B1 /* Main.storyboard in Resources */ = {isa = PBXBuildFile; fileRef = 3177252420B03AD4009FA8B1 /* Main.storyboard */; };
		3177252820B03AD6009FA8B1 /* Assets.xcassets in Resources */ = {isa = PBXBuildFile; fileRef = 3177252720B03AD6009FA8B1 /* Assets.xcassets */; };
		3177252B20B03AD6009FA8B1 /* LaunchScreen.storyboard in Resources */ = {isa = PBXBuildFile; fileRef = 3177252920B03AD6009FA8B1 /* LaunchScreen.storyboard */; };
		318FE8F220B0BB730050528B /* HttpDownloader.swift in Sources */ = {isa = PBXBuildFile; fileRef = 318FE8F120B0BB730050528B /* HttpDownloader.swift */; };
		318FE8F520B0BDDD0050528B /* MapKit.framework in Frameworks */ = {isa = PBXBuildFile; fileRef = 318FE8F420B0BDDD0050528B /* MapKit.framework */; };
		3196C88720B6AB1500468B4D /* ObjectLoader.swift in Sources */ = {isa = PBXBuildFile; fileRef = 3196C88620B6AB1500468B4D /* ObjectLoader.swift */; };
		319AA77D20B3FE0C00F99223 /* RLM_Session.swift in Sources */ = {isa = PBXBuildFile; fileRef = 319AA77C20B3FE0C00F99223 /* RLM_Session.swift */; };
		319AA77F20B418E800F99223 /* MainVC.swift in Sources */ = {isa = PBXBuildFile; fileRef = 319AA77E20B418E800F99223 /* MainVC.swift */; };
		319AA78120B4356500F99223 /* MapAno.swift in Sources */ = {isa = PBXBuildFile; fileRef = 319AA78020B4356500F99223 /* MapAno.swift */; };
		319AA78320B4659200F99223 /* feed.json in Resources */ = {isa = PBXBuildFile; fileRef = 319AA78220B4659200F99223 /* feed.json */; };
		319D3F2820D7965B007FEECA /* FeedMgmt.swift in Sources */ = {isa = PBXBuildFile; fileRef = 319D3F2720D7965B007FEECA /* FeedMgmt.swift */; };
		31AB869120B355A30038F4D5 /* FeedsTVC.swift in Sources */ = {isa = PBXBuildFile; fileRef = 31AB869020B355A30038F4D5 /* FeedsTVC.swift */; };
		31AB869620B3FB040038F4D5 /* MapVC.swift in Sources */ = {isa = PBXBuildFile; fileRef = 31AB869520B3FB040038F4D5 /* MapVC.swift */; };
		31D284BF20D3B079004451A6 /* RLM_Feed.swift in Sources */ = {isa = PBXBuildFile; fileRef = 31D284BE20D3B079004451A6 /* RLM_Feed.swift */; };
		FA1AAC422153E9D200EE494A /* RealmSwift.framework in Frameworks */ = {isa = PBXBuildFile; fileRef = FA1AAC402153E9D000EE494A /* RealmSwift.framework */; };
		FA1AAC432153E9D200EE494A /* RealmSwift.framework in Embed Frameworks */ = {isa = PBXBuildFile; fileRef = FA1AAC402153E9D000EE494A /* RealmSwift.framework */; settings = {ATTRIBUTES = (CodeSignOnCopy, RemoveHeadersOnCopy, ); }; };
		FA1AAC442153E9D200EE494A /* Realm.framework in Frameworks */ = {isa = PBXBuildFile; fileRef = FA1AAC412153E9D200EE494A /* Realm.framework */; };
		FA1AAC452153E9D200EE494A /* Realm.framework in Embed Frameworks */ = {isa = PBXBuildFile; fileRef = FA1AAC412153E9D200EE494A /* Realm.framework */; settings = {ATTRIBUTES = (CodeSignOnCopy, RemoveHeadersOnCopy, ); }; };
		FA8275EA221AB650007B413B /* SceneNodeUtils.swift in Sources */ = {isa = PBXBuildFile; fileRef = FA8275E9221AB650007B413B /* SceneNodeUtils.swift */; };
		FA8275EC221ABAD5007B413B /* SceneActions.swift in Sources */ = {isa = PBXBuildFile; fileRef = FA8275EB221ABAD5007B413B /* SceneActions.swift */; };
		FA8B386A2211D9CD0099A7A3 /* ARViewer.swift in Sources */ = {isa = PBXBuildFile; fileRef = FA8B38692211D9CD0099A7A3 /* ARViewer.swift */; };
		FA8B387022120DD60099A7A3 /* ValConverters.swift in Sources */ = {isa = PBXBuildFile; fileRef = FA8B386F22120DD60099A7A3 /* ValConverters.swift */; };
		FAB2AE7A22088315004D5819 /* TODO.swift in Sources */ = {isa = PBXBuildFile; fileRef = FAB2AE7922088315004D5819 /* TODO.swift */; };
		FAF37EB7221CA9680065B18A /* File.swift in Sources */ = {isa = PBXBuildFile; fileRef = FAF37EB6221CA9680065B18A /* File.swift */; };
/* End PBXBuildFile section */

/* Begin PBXCopyFilesBuildPhase section */
		FA1AAC462153E9D300EE494A /* Embed Frameworks */ = {
			isa = PBXCopyFilesBuildPhase;
			buildActionMask = 2147483647;
			dstPath = "";
			dstSubfolderSpec = 10;
			files = (
				FA1AAC452153E9D200EE494A /* Realm.framework in Embed Frameworks */,
				FA1AAC432153E9D200EE494A /* RealmSwift.framework in Embed Frameworks */,
			);
			name = "Embed Frameworks";
			runOnlyForDeploymentPostprocessing = 0;
		};
/* End PBXCopyFilesBuildPhase section */

/* Begin PBXFileReference section */
		3158C65820B598D200E2F3FB /* star.png */ = {isa = PBXFileReference; lastKnownFileType = image.png; path = star.png; sourceTree = "<group>"; };
		3164AF4920B47E79009EDA27 /* RLM_Obj.swift */ = {isa = PBXFileReference; lastKnownFileType = sourcecode.swift; path = RLM_Obj.swift; sourceTree = "<group>"; };
		316B86B520D900940076E63D /* FeedsTVCMain.swift */ = {isa = PBXFileReference; lastKnownFileType = sourcecode.swift; path = FeedsTVCMain.swift; sourceTree = "<group>"; };
		316B86CA20D955660076E63D /* SCNVector3+Extensions.swift */ = {isa = PBXFileReference; fileEncoding = 4; lastKnownFileType = sourcecode.swift; path = "SCNVector3+Extensions.swift"; sourceTree = "<group>"; };
		316B86CB20D955660076E63D /* SceneLocationEstimate.swift */ = {isa = PBXFileReference; fileEncoding = 4; lastKnownFileType = sourcecode.swift; path = SceneLocationEstimate.swift; sourceTree = "<group>"; };
		316B86CC20D955660076E63D /* SceneLocationEstimate+Extensions.swift */ = {isa = PBXFileReference; fileEncoding = 4; lastKnownFileType = sourcecode.swift; path = "SceneLocationEstimate+Extensions.swift"; sourceTree = "<group>"; };
		316B86CD20D955660076E63D /* FloatingPoint+Radians.swift */ = {isa = PBXFileReference; fileEncoding = 4; lastKnownFileType = sourcecode.swift; path = "FloatingPoint+Radians.swift"; sourceTree = "<group>"; };
		316B86CE20D955660076E63D /* LocationNode.swift */ = {isa = PBXFileReference; fileEncoding = 4; lastKnownFileType = sourcecode.swift; path = LocationNode.swift; sourceTree = "<group>"; };
		316B86CF20D955660076E63D /* CGPoint+Extensions.swift */ = {isa = PBXFileReference; fileEncoding = 4; lastKnownFileType = sourcecode.swift; path = "CGPoint+Extensions.swift"; sourceTree = "<group>"; };
		316B86D020D955660076E63D /* CLLocation+Extensions.swift */ = {isa = PBXFileReference; fileEncoding = 4; lastKnownFileType = sourcecode.swift; path = "CLLocation+Extensions.swift"; sourceTree = "<group>"; };
		316B86D120D955660076E63D /* SceneLocationView.swift */ = {isa = PBXFileReference; fileEncoding = 4; lastKnownFileType = sourcecode.swift; path = SceneLocationView.swift; sourceTree = "<group>"; };
		316B86D220D955660076E63D /* LocationManager.swift */ = {isa = PBXFileReference; fileEncoding = 4; lastKnownFileType = sourcecode.swift; path = LocationManager.swift; sourceTree = "<group>"; };
		316B86D320D955660076E63D /* SCNNode+Extensions.swift */ = {isa = PBXFileReference; fileEncoding = 4; lastKnownFileType = sourcecode.swift; path = "SCNNode+Extensions.swift"; sourceTree = "<group>"; };
		3177251B20B03AD4009FA8B1 /* Aumenta.app */ = {isa = PBXFileReference; explicitFileType = wrapper.application; includeInIndex = 0; path = Aumenta.app; sourceTree = BUILT_PRODUCTS_DIR; };
		3177251E20B03AD4009FA8B1 /* AppDelegate.swift */ = {isa = PBXFileReference; lastKnownFileType = sourcecode.swift; path = AppDelegate.swift; sourceTree = "<group>"; };
		3177252020B03AD4009FA8B1 /* art.scnassets */ = {isa = PBXFileReference; lastKnownFileType = wrapper.scnassets; path = art.scnassets; sourceTree = "<group>"; };
		3177252520B03AD4009FA8B1 /* Base */ = {isa = PBXFileReference; lastKnownFileType = file.storyboard; name = Base; path = Base.lproj/Main.storyboard; sourceTree = "<group>"; };
		3177252720B03AD6009FA8B1 /* Assets.xcassets */ = {isa = PBXFileReference; lastKnownFileType = folder.assetcatalog; path = Assets.xcassets; sourceTree = "<group>"; };
		3177252A20B03AD6009FA8B1 /* Base */ = {isa = PBXFileReference; lastKnownFileType = file.storyboard; name = Base; path = Base.lproj/LaunchScreen.storyboard; sourceTree = "<group>"; };
		3177252C20B03AD6009FA8B1 /* Info.plist */ = {isa = PBXFileReference; lastKnownFileType = text.plist.xml; path = Info.plist; sourceTree = "<group>"; };
		318FE8F120B0BB730050528B /* HttpDownloader.swift */ = {isa = PBXFileReference; lastKnownFileType = sourcecode.swift; path = HttpDownloader.swift; sourceTree = "<group>"; };
		318FE8F420B0BDDD0050528B /* MapKit.framework */ = {isa = PBXFileReference; lastKnownFileType = wrapper.framework; name = MapKit.framework; path = System/Library/Frameworks/MapKit.framework; sourceTree = SDKROOT; };
		318FE8F820B0C3880050528B /* ArkitTest.entitlements */ = {isa = PBXFileReference; lastKnownFileType = text.plist.entitlements; path = ArkitTest.entitlements; sourceTree = "<group>"; };
		3196C88620B6AB1500468B4D /* ObjectLoader.swift */ = {isa = PBXFileReference; lastKnownFileType = sourcecode.swift; path = ObjectLoader.swift; sourceTree = "<group>"; };
		319AA77C20B3FE0C00F99223 /* RLM_Session.swift */ = {isa = PBXFileReference; lastKnownFileType = sourcecode.swift; path = RLM_Session.swift; sourceTree = "<group>"; };
		319AA77E20B418E800F99223 /* MainVC.swift */ = {isa = PBXFileReference; lastKnownFileType = sourcecode.swift; path = MainVC.swift; sourceTree = "<group>"; };
		319AA78020B4356500F99223 /* MapAno.swift */ = {isa = PBXFileReference; lastKnownFileType = sourcecode.swift; path = MapAno.swift; sourceTree = "<group>"; };
		319AA78220B4659200F99223 /* feed.json */ = {isa = PBXFileReference; lastKnownFileType = text.json; path = feed.json; sourceTree = "<group>"; };
		319D3F2720D7965B007FEECA /* FeedMgmt.swift */ = {isa = PBXFileReference; lastKnownFileType = sourcecode.swift; path = FeedMgmt.swift; sourceTree = "<group>"; };
		31AB869020B355A30038F4D5 /* FeedsTVC.swift */ = {isa = PBXFileReference; lastKnownFileType = sourcecode.swift; path = FeedsTVC.swift; sourceTree = "<group>"; };
		31AB869520B3FB040038F4D5 /* MapVC.swift */ = {isa = PBXFileReference; lastKnownFileType = sourcecode.swift; path = MapVC.swift; sourceTree = "<group>"; };
		31D284BE20D3B079004451A6 /* RLM_Feed.swift */ = {isa = PBXFileReference; lastKnownFileType = sourcecode.swift; path = RLM_Feed.swift; sourceTree = "<group>"; };
		FA1AAC402153E9D000EE494A /* RealmSwift.framework */ = {isa = PBXFileReference; lastKnownFileType = wrapper.framework; path = RealmSwift.framework; sourceTree = "<group>"; };
		FA1AAC412153E9D200EE494A /* Realm.framework */ = {isa = PBXFileReference; lastKnownFileType = wrapper.framework; path = Realm.framework; sourceTree = "<group>"; };
		FA482F672215ADE600D251AB /* Aumenta.entitlements */ = {isa = PBXFileReference; lastKnownFileType = text.plist.entitlements; path = Aumenta.entitlements; sourceTree = "<group>"; };
		FA8275E9221AB650007B413B /* SceneNodeUtils.swift */ = {isa = PBXFileReference; lastKnownFileType = sourcecode.swift; path = SceneNodeUtils.swift; sourceTree = "<group>"; };
		FA8275EB221ABAD5007B413B /* SceneActions.swift */ = {isa = PBXFileReference; lastKnownFileType = sourcecode.swift; path = SceneActions.swift; sourceTree = "<group>"; };
		FA8B38692211D9CD0099A7A3 /* ARViewer.swift */ = {isa = PBXFileReference; lastKnownFileType = sourcecode.swift; path = ARViewer.swift; sourceTree = "<group>"; };
		FA8B386F22120DD60099A7A3 /* ValConverters.swift */ = {isa = PBXFileReference; lastKnownFileType = sourcecode.swift; path = ValConverters.swift; sourceTree = "<group>"; };
		FAB2AE7922088315004D5819 /* TODO.swift */ = {isa = PBXFileReference; lastKnownFileType = sourcecode.swift; path = TODO.swift; sourceTree = "<group>"; };
		FAF37EB6221CA9680065B18A /* File.swift */ = {isa = PBXFileReference; lastKnownFileType = sourcecode.swift; path = File.swift; sourceTree = "<group>"; };
/* End PBXFileReference section */

/* Begin PBXFrameworksBuildPhase section */
		3177251820B03AD4009FA8B1 /* Frameworks */ = {
			isa = PBXFrameworksBuildPhase;
			buildActionMask = 2147483647;
			files = (
				FA1AAC442153E9D200EE494A /* Realm.framework in Frameworks */,
				FA1AAC422153E9D200EE494A /* RealmSwift.framework in Frameworks */,
				318FE8F520B0BDDD0050528B /* MapKit.framework in Frameworks */,
			);
			runOnlyForDeploymentPostprocessing = 0;
		};
/* End PBXFrameworksBuildPhase section */

/* Begin PBXGroup section */
		316B86B420D9005C0076E63D /* Components */ = {
			isa = PBXGroup;
			children = (
				316B86B520D900940076E63D /* FeedsTVCMain.swift */,
			);
			path = Components;
			sourceTree = "<group>";
		};
		316B86B720D94B4E0076E63D /* Components */ = {
			isa = PBXGroup;
			children = (
				FA8B386F22120DD60099A7A3 /* ValConverters.swift */,
				FA8275E9221AB650007B413B /* SceneNodeUtils.swift */,
				FA8275EB221ABAD5007B413B /* SceneActions.swift */,
				FAF37EB6221CA9680065B18A /* File.swift */,
			);
			path = Components;
			sourceTree = "<group>";
		};
		316B86B820D953B60076E63D /* ArKitCoreloc */ = {
			isa = PBXGroup;
			children = (
				316B86C920D955660076E63D /* Source */,
			);
			name = ArKitCoreloc;
			sourceTree = "<group>";
		};
		316B86C920D955660076E63D /* Source */ = {
			isa = PBXGroup;
			children = (
				316B86CA20D955660076E63D /* SCNVector3+Extensions.swift */,
				316B86CB20D955660076E63D /* SceneLocationEstimate.swift */,
				316B86CC20D955660076E63D /* SceneLocationEstimate+Extensions.swift */,
				316B86CD20D955660076E63D /* FloatingPoint+Radians.swift */,
				316B86CE20D955660076E63D /* LocationNode.swift */,
				316B86CF20D955660076E63D /* CGPoint+Extensions.swift */,
				316B86D020D955660076E63D /* CLLocation+Extensions.swift */,
				316B86D120D955660076E63D /* SceneLocationView.swift */,
				316B86D220D955660076E63D /* LocationManager.swift */,
				316B86D320D955660076E63D /* SCNNode+Extensions.swift */,
			);
			path = Source;
			sourceTree = "<group>";
		};
		3177251220B03AD4009FA8B1 = {
			isa = PBXGroup;
			children = (
				FA482F672215ADE600D251AB /* Aumenta.entitlements */,
				FAB2AE7922088315004D5819 /* TODO.swift */,
				3177251D20B03AD4009FA8B1 /* Code */,
				318FE90520B169C00050528B /* UI */,
				318FE90420B1697D0050528B /* Assets */,
				318FE90320B1696E0050528B /* Internals */,
				3177251C20B03AD4009FA8B1 /* Products */,
				318FE8F320B0BDDD0050528B /* Frameworks */,
			);
			sourceTree = "<group>";
		};
		3177251C20B03AD4009FA8B1 /* Products */ = {
			isa = PBXGroup;
			children = (
				3177251B20B03AD4009FA8B1 /* Aumenta.app */,
			);
			name = Products;
			sourceTree = "<group>";
		};
		3177251D20B03AD4009FA8B1 /* Code */ = {
			isa = PBXGroup;
			children = (
				31AB869220B356C30038F4D5 /* Data */,
				31AB868F20B352780038F4D5 /* ARView */,
				31AB868E20B352660038F4D5 /* SourceList */,
				31AB868D20B3525E0038F4D5 /* MapView */,
				318FE8F020B0BB5D0050528B /* System */,
			);
			path = Code;
			sourceTree = "<group>";
		};
		318FE8F020B0BB5D0050528B /* System */ = {
			isa = PBXGroup;
			children = (
				319D3F2620D7963A007FEECA /* Components */,
				319AA77E20B418E800F99223 /* MainVC.swift */,
			);
			path = System;
			sourceTree = "<group>";
		};
		318FE8F320B0BDDD0050528B /* Frameworks */ = {
			isa = PBXGroup;
			children = (
				FA1AAC412153E9D200EE494A /* Realm.framework */,
				FA1AAC402153E9D000EE494A /* RealmSwift.framework */,
				316B86B820D953B60076E63D /* ArKitCoreloc */,
				318FE8F420B0BDDD0050528B /* MapKit.framework */,
			);
			name = Frameworks;
			sourceTree = "<group>";
		};
		318FE90320B1696E0050528B /* Internals */ = {
			isa = PBXGroup;
			children = (
				3177251E20B03AD4009FA8B1 /* AppDelegate.swift */,
				3177252C20B03AD6009FA8B1 /* Info.plist */,
				318FE8F820B0C3880050528B /* ArkitTest.entitlements */,
			);
			path = Internals;
			sourceTree = "<group>";
		};
		318FE90420B1697D0050528B /* Assets */ = {
			isa = PBXGroup;
			children = (
				3177252020B03AD4009FA8B1 /* art.scnassets */,
				3177252720B03AD6009FA8B1 /* Assets.xcassets */,
				3158C65820B598D200E2F3FB /* star.png */,
			);
			path = Assets;
			sourceTree = "<group>";
		};
		318FE90520B169C00050528B /* UI */ = {
			isa = PBXGroup;
			children = (
				3177252420B03AD4009FA8B1 /* Main.storyboard */,
				3177252920B03AD6009FA8B1 /* LaunchScreen.storyboard */,
			);
			path = UI;
			sourceTree = "<group>";
		};
		319D3F2620D7963A007FEECA /* Components */ = {
			isa = PBXGroup;
			children = (
				318FE8F120B0BB730050528B /* HttpDownloader.swift */,
				3196C88620B6AB1500468B4D /* ObjectLoader.swift */,
				319D3F2720D7965B007FEECA /* FeedMgmt.swift */,
			);
			path = Components;
			sourceTree = "<group>";
		};
		31AB868D20B3525E0038F4D5 /* MapView */ = {
			isa = PBXGroup;
			children = (
				31AB869520B3FB040038F4D5 /* MapVC.swift */,
				319AA78020B4356500F99223 /* MapAno.swift */,
			);
			path = MapView;
			sourceTree = "<group>";
		};
		31AB868E20B352660038F4D5 /* SourceList */ = {
			isa = PBXGroup;
			children = (
				316B86B420D9005C0076E63D /* Components */,
				31AB869020B355A30038F4D5 /* FeedsTVC.swift */,
			);
			path = SourceList;
			sourceTree = "<group>";
		};
		31AB868F20B352780038F4D5 /* ARView */ = {
			isa = PBXGroup;
			children = (
				316B86B720D94B4E0076E63D /* Components */,
				FA8B38692211D9CD0099A7A3 /* ARViewer.swift */,
			);
			path = ARView;
			sourceTree = "<group>";
		};
		31AB869220B356C30038F4D5 /* Data */ = {
			isa = PBXGroup;
			children = (
				319AA77C20B3FE0C00F99223 /* RLM_Session.swift */,
				3164AF4920B47E79009EDA27 /* RLM_Obj.swift */,
				31D284BE20D3B079004451A6 /* RLM_Feed.swift */,
				319AA78220B4659200F99223 /* feed.json */,
			);
			path = Data;
			sourceTree = "<group>";
		};
/* End PBXGroup section */

/* Begin PBXNativeTarget section */
		3177251A20B03AD4009FA8B1 /* Aumenta */ = {
			isa = PBXNativeTarget;
			buildConfigurationList = 3177252F20B03AD6009FA8B1 /* Build configuration list for PBXNativeTarget "Aumenta" */;
			buildPhases = (
				3177251720B03AD4009FA8B1 /* Sources */,
				3177251820B03AD4009FA8B1 /* Frameworks */,
				3177251920B03AD4009FA8B1 /* Resources */,
				FA1AAC462153E9D300EE494A /* Embed Frameworks */,
			);
			buildRules = (
			);
			dependencies = (
			);
			name = Aumenta;
			productName = ArkitTest;
			productReference = 3177251B20B03AD4009FA8B1 /* Aumenta.app */;
			productType = "com.apple.product-type.application";
		};
/* End PBXNativeTarget section */

/* Begin PBXProject section */
		3177251320B03AD4009FA8B1 /* Project object */ = {
			isa = PBXProject;
			attributes = {
				LastSwiftUpdateCheck = 0930;
				LastUpgradeCheck = 0930;
				ORGANIZATIONNAME = Abstraqata;
				TargetAttributes = {
					3177251A20B03AD4009FA8B1 = {
						CreatedOnToolsVersion = 9.3.1;
						SystemCapabilities = {
							com.apple.ApplicationGroups.iOS = {
								enabled = 1;
							};
							com.apple.BackgroundModes = {
								enabled = 1;
							};
							com.apple.InterAppAudio = {
								enabled = 0;
							};
							com.apple.Maps.iOS = {
								enabled = 1;
							};
							com.apple.NetworkExtensions.iOS = {
								enabled = 0;
							};
						};
					};
				};
			};
			buildConfigurationList = 3177251620B03AD4009FA8B1 /* Build configuration list for PBXProject "Aumenta" */;
			compatibilityVersion = "Xcode 9.3";
			developmentRegion = en;
			hasScannedForEncodings = 0;
			knownRegions = (
				en,
				Base,
			);
			mainGroup = 3177251220B03AD4009FA8B1;
			productRefGroup = 3177251C20B03AD4009FA8B1 /* Products */;
			projectDirPath = "";
			projectRoot = "";
			targets = (
				3177251A20B03AD4009FA8B1 /* Aumenta */,
			);
		};
/* End PBXProject section */

/* Begin PBXResourcesBuildPhase section */
		3177251920B03AD4009FA8B1 /* Resources */ = {
			isa = PBXResourcesBuildPhase;
			buildActionMask = 2147483647;
			files = (
				319AA78320B4659200F99223 /* feed.json in Resources */,
				3177252120B03AD4009FA8B1 /* art.scnassets in Resources */,
				3177252B20B03AD6009FA8B1 /* LaunchScreen.storyboard in Resources */,
				3158C65A20B598D200E2F3FB /* star.png in Resources */,
				3177252820B03AD6009FA8B1 /* Assets.xcassets in Resources */,
				3177252620B03AD4009FA8B1 /* Main.storyboard in Resources */,
			);
			runOnlyForDeploymentPostprocessing = 0;
		};
/* End PBXResourcesBuildPhase section */

/* Begin PBXSourcesBuildPhase section */
		3177251720B03AD4009FA8B1 /* Sources */ = {
			isa = PBXSourcesBuildPhase;
			buildActionMask = 2147483647;
			files = (
				FA8275EA221AB650007B413B /* SceneNodeUtils.swift in Sources */,
				316B86D820D955660076E63D /* FloatingPoint+Radians.swift in Sources */,
				316B86DD20D955660076E63D /* LocationManager.swift in Sources */,
				316B86DB20D955660076E63D /* CLLocation+Extensions.swift in Sources */,
				FA8B386A2211D9CD0099A7A3 /* ARViewer.swift in Sources */,
				31AB869120B355A30038F4D5 /* FeedsTVC.swift in Sources */,
				316B86D920D955660076E63D /* LocationNode.swift in Sources */,
				31AB869620B3FB040038F4D5 /* MapVC.swift in Sources */,
				3164AF4A20B47E79009EDA27 /* RLM_Obj.swift in Sources */,
				FAF37EB7221CA9680065B18A /* File.swift in Sources */,
				3196C88720B6AB1500468B4D /* ObjectLoader.swift in Sources */,
				316B86DE20D955660076E63D /* SCNNode+Extensions.swift in Sources */,
				319AA78120B4356500F99223 /* MapAno.swift in Sources */,
				319AA77D20B3FE0C00F99223 /* RLM_Session.swift in Sources */,
				FAB2AE7A22088315004D5819 /* TODO.swift in Sources */,
				316B86B620D900940076E63D /* FeedsTVCMain.swift in Sources */,
				31D284BF20D3B079004451A6 /* RLM_Feed.swift in Sources */,
				316B86D720D955660076E63D /* SceneLocationEstimate+Extensions.swift in Sources */,
				316B86D520D955660076E63D /* SCNVector3+Extensions.swift in Sources */,
				FA8B387022120DD60099A7A3 /* ValConverters.swift in Sources */,
				3177251F20B03AD4009FA8B1 /* AppDelegate.swift in Sources */,
				319AA77F20B418E800F99223 /* MainVC.swift in Sources */,
				316B86DA20D955660076E63D /* CGPoint+Extensions.swift in Sources */,
				316B86DC20D955660076E63D /* SceneLocationView.swift in Sources */,
				FA8275EC221ABAD5007B413B /* SceneActions.swift in Sources */,
				316B86D620D955660076E63D /* SceneLocationEstimate.swift in Sources */,
				319D3F2820D7965B007FEECA /* FeedMgmt.swift in Sources */,
				318FE8F220B0BB730050528B /* HttpDownloader.swift in Sources */,
			);
			runOnlyForDeploymentPostprocessing = 0;
		};
/* End PBXSourcesBuildPhase section */

/* Begin PBXVariantGroup section */
		3177252420B03AD4009FA8B1 /* Main.storyboard */ = {
			isa = PBXVariantGroup;
			children = (
				3177252520B03AD4009FA8B1 /* Base */,
			);
			name = Main.storyboard;
			sourceTree = "<group>";
		};
		3177252920B03AD6009FA8B1 /* LaunchScreen.storyboard */ = {
			isa = PBXVariantGroup;
			children = (
				3177252A20B03AD6009FA8B1 /* Base */,
			);
			name = LaunchScreen.storyboard;
			sourceTree = "<group>";
		};
/* End PBXVariantGroup section */

/* Begin XCBuildConfiguration section */
		3177252D20B03AD6009FA8B1 /* Debug */ = {
			isa = XCBuildConfiguration;
			buildSettings = {
				ALWAYS_SEARCH_USER_PATHS = NO;
				CLANG_ANALYZER_NONNULL = YES;
				CLANG_ANALYZER_NUMBER_OBJECT_CONVERSION = YES_AGGRESSIVE;
				CLANG_CXX_LANGUAGE_STANDARD = "gnu++14";
				CLANG_CXX_LIBRARY = "libc++";
				CLANG_ENABLE_MODULES = YES;
				CLANG_ENABLE_OBJC_ARC = YES;
				CLANG_ENABLE_OBJC_WEAK = YES;
				CLANG_WARN_BLOCK_CAPTURE_AUTORELEASING = YES;
				CLANG_WARN_BOOL_CONVERSION = YES;
				CLANG_WARN_COMMA = YES;
				CLANG_WARN_CONSTANT_CONVERSION = YES;
				CLANG_WARN_DEPRECATED_OBJC_IMPLEMENTATIONS = YES;
				CLANG_WARN_DIRECT_OBJC_ISA_USAGE = YES_ERROR;
				CLANG_WARN_DOCUMENTATION_COMMENTS = YES;
				CLANG_WARN_EMPTY_BODY = YES;
				CLANG_WARN_ENUM_CONVERSION = YES;
				CLANG_WARN_INFINITE_RECURSION = YES;
				CLANG_WARN_INT_CONVERSION = YES;
				CLANG_WARN_NON_LITERAL_NULL_CONVERSION = YES;
				CLANG_WARN_OBJC_IMPLICIT_RETAIN_SELF = YES;
				CLANG_WARN_OBJC_LITERAL_CONVERSION = YES;
				CLANG_WARN_OBJC_ROOT_CLASS = YES_ERROR;
				CLANG_WARN_RANGE_LOOP_ANALYSIS = YES;
				CLANG_WARN_STRICT_PROTOTYPES = YES;
				CLANG_WARN_SUSPICIOUS_MOVE = YES;
				CLANG_WARN_UNGUARDED_AVAILABILITY = YES_AGGRESSIVE;
				CLANG_WARN_UNREACHABLE_CODE = YES;
				CLANG_WARN__DUPLICATE_METHOD_MATCH = YES;
				CODE_SIGN_IDENTITY = "iPhone Developer";
				COPY_PHASE_STRIP = NO;
				DEBUG_INFORMATION_FORMAT = dwarf;
				ENABLE_STRICT_OBJC_MSGSEND = YES;
				ENABLE_TESTABILITY = YES;
				GCC_C_LANGUAGE_STANDARD = gnu11;
				GCC_DYNAMIC_NO_PIC = NO;
				GCC_NO_COMMON_BLOCKS = YES;
				GCC_OPTIMIZATION_LEVEL = 0;
				GCC_PREPROCESSOR_DEFINITIONS = (
					"DEBUG=1",
					"$(inherited)",
				);
				GCC_WARN_64_TO_32_BIT_CONVERSION = YES;
				GCC_WARN_ABOUT_RETURN_TYPE = YES_ERROR;
				GCC_WARN_UNDECLARED_SELECTOR = YES;
				GCC_WARN_UNINITIALIZED_AUTOS = YES_AGGRESSIVE;
				GCC_WARN_UNUSED_FUNCTION = YES;
				GCC_WARN_UNUSED_VARIABLE = YES;
				IPHONEOS_DEPLOYMENT_TARGET = 12.1;
				MTL_ENABLE_DEBUG_INFO = YES;
				ONLY_ACTIVE_ARCH = YES;
				SDKROOT = iphoneos;
				SWIFT_ACTIVE_COMPILATION_CONDITIONS = DEBUG;
				SWIFT_OPTIMIZATION_LEVEL = "-Onone";
			};
			name = Debug;
		};
		3177252E20B03AD6009FA8B1 /* Release */ = {
			isa = XCBuildConfiguration;
			buildSettings = {
				ALWAYS_SEARCH_USER_PATHS = NO;
				CLANG_ANALYZER_NONNULL = YES;
				CLANG_ANALYZER_NUMBER_OBJECT_CONVERSION = YES_AGGRESSIVE;
				CLANG_CXX_LANGUAGE_STANDARD = "gnu++14";
				CLANG_CXX_LIBRARY = "libc++";
				CLANG_ENABLE_MODULES = YES;
				CLANG_ENABLE_OBJC_ARC = YES;
				CLANG_ENABLE_OBJC_WEAK = YES;
				CLANG_WARN_BLOCK_CAPTURE_AUTORELEASING = YES;
				CLANG_WARN_BOOL_CONVERSION = YES;
				CLANG_WARN_COMMA = YES;
				CLANG_WARN_CONSTANT_CONVERSION = YES;
				CLANG_WARN_DEPRECATED_OBJC_IMPLEMENTATIONS = YES;
				CLANG_WARN_DIRECT_OBJC_ISA_USAGE = YES_ERROR;
				CLANG_WARN_DOCUMENTATION_COMMENTS = YES;
				CLANG_WARN_EMPTY_BODY = YES;
				CLANG_WARN_ENUM_CONVERSION = YES;
				CLANG_WARN_INFINITE_RECURSION = YES;
				CLANG_WARN_INT_CONVERSION = YES;
				CLANG_WARN_NON_LITERAL_NULL_CONVERSION = YES;
				CLANG_WARN_OBJC_IMPLICIT_RETAIN_SELF = YES;
				CLANG_WARN_OBJC_LITERAL_CONVERSION = YES;
				CLANG_WARN_OBJC_ROOT_CLASS = YES_ERROR;
				CLANG_WARN_RANGE_LOOP_ANALYSIS = YES;
				CLANG_WARN_STRICT_PROTOTYPES = YES;
				CLANG_WARN_SUSPICIOUS_MOVE = YES;
				CLANG_WARN_UNGUARDED_AVAILABILITY = YES_AGGRESSIVE;
				CLANG_WARN_UNREACHABLE_CODE = YES;
				CLANG_WARN__DUPLICATE_METHOD_MATCH = YES;
				CODE_SIGN_IDENTITY = "iPhone Developer";
				COPY_PHASE_STRIP = NO;
				DEBUG_INFORMATION_FORMAT = "dwarf-with-dsym";
				ENABLE_NS_ASSERTIONS = NO;
				ENABLE_STRICT_OBJC_MSGSEND = YES;
				GCC_C_LANGUAGE_STANDARD = gnu11;
				GCC_NO_COMMON_BLOCKS = YES;
				GCC_WARN_64_TO_32_BIT_CONVERSION = YES;
				GCC_WARN_ABOUT_RETURN_TYPE = YES_ERROR;
				GCC_WARN_UNDECLARED_SELECTOR = YES;
				GCC_WARN_UNINITIALIZED_AUTOS = YES_AGGRESSIVE;
				GCC_WARN_UNUSED_FUNCTION = YES;
				GCC_WARN_UNUSED_VARIABLE = YES;
				IPHONEOS_DEPLOYMENT_TARGET = 12.1;
				MTL_ENABLE_DEBUG_INFO = NO;
				SDKROOT = iphoneos;
				SWIFT_COMPILATION_MODE = wholemodule;
				SWIFT_OPTIMIZATION_LEVEL = "-O";
				VALIDATE_PRODUCT = YES;
			};
			name = Release;
		};
		3177253020B03AD6009FA8B1 /* Debug */ = {
			isa = XCBuildConfiguration;
			buildSettings = {
				ASSETCATALOG_COMPILER_APPICON_NAME = AppIcon;
				CODE_SIGN_ENTITLEMENTS = Aumenta.entitlements;
				CODE_SIGN_STYLE = Automatic;
				DEVELOPMENT_TEAM = SRPD354G63;
				FRAMEWORK_SEARCH_PATHS = (
					"$(inherited)",
					"$(PROJECT_DIR)",
				);
				INFOPLIST_FILE = "$(SRCROOT)/Internals/Info.plist";
				LD_RUNPATH_SEARCH_PATHS = (
					"$(inherited)",
					"@executable_path/Frameworks",
				);
				PRODUCT_BUNDLE_IDENTIFIER = com.abstraqata.Aumenta;
				PRODUCT_NAME = "$(TARGET_NAME)";
				SWIFT_VERSION = 4.0;
				TARGETED_DEVICE_FAMILY = "1,2";
			};
			name = Debug;
		};
		3177253120B03AD6009FA8B1 /* Release */ = {
			isa = XCBuildConfiguration;
			buildSettings = {
				ASSETCATALOG_COMPILER_APPICON_NAME = AppIcon;
				CODE_SIGN_ENTITLEMENTS = Aumenta.entitlements;
				CODE_SIGN_STYLE = Automatic;
				DEVELOPMENT_TEAM = SRPD354G63;
				FRAMEWORK_SEARCH_PATHS = (
					"$(inherited)",
					"$(PROJECT_DIR)",
				);
				INFOPLIST_FILE = "$(SRCROOT)/Internals/Info.plist";
				LD_RUNPATH_SEARCH_PATHS = (
					"$(inherited)",
					"@executable_path/Frameworks",
				);
				PRODUCT_BUNDLE_IDENTIFIER = com.abstraqata.Aumenta;
				PRODUCT_NAME = "$(TARGET_NAME)";
				SWIFT_VERSION = 4.0;
				TARGETED_DEVICE_FAMILY = "1,2";
			};
			name = Release;
		};
/* End XCBuildConfiguration section */

/* Begin XCConfigurationList section */
		3177251620B03AD4009FA8B1 /* Build configuration list for PBXProject "Aumenta" */ = {
			isa = XCConfigurationList;
			buildConfigurations = (
				3177252D20B03AD6009FA8B1 /* Debug */,
				3177252E20B03AD6009FA8B1 /* Release */,
			);
			defaultConfigurationIsVisible = 0;
			defaultConfigurationName = Release;
		};
		3177252F20B03AD6009FA8B1 /* Build configuration list for PBXNativeTarget "Aumenta" */ = {
			isa = XCConfigurationList;
			buildConfigurations = (
				3177253020B03AD6009FA8B1 /* Debug */,
				3177253120B03AD6009FA8B1 /* Release */,
			);
			defaultConfigurationIsVisible = 0;
			defaultConfigurationName = Release;
		};
/* End XCConfigurationList section */
	};
	rootObject = 3177251320B03AD4009FA8B1 /* Project object */;
}
